
Microsoft Visual Studio Solution File, Format Version 12.00
# Visual Studio 15
VisualStudioVersion = 15.0.28307.1169
MinimumVisualStudioVersion = 10.0.40219.1
Project("{FAE04EC0-301F-11D3-BF4B-00C04F79EFBC}") = "SmplEditor", "SmplEditor\SmplEditor.csproj", "{391F8336-2141-4F0E-A5FB-4DE0354BE7E7}"
EndProject
Global
	GlobalSection(SolutionConfigurationPlatforms) = preSolution
		Debug|Any CPU = Debug|Any CPU
		Release|Any CPU = Release|Any CPU
	EndGlobalSection
	GlobalSection(ProjectConfigurationPlatforms) = postSolution
		{391F8336-2141-4F0E-A5FB-4DE0354BE7E7}.Debug|Any CPU.ActiveCfg = Debug|Any CPU
		{391F8336-2141-4F0E-A5FB-4DE0354BE7E7}.Debug|Any CPU.Build.0 = Debug|Any CPU
		{391F8336-2141-4F0E-A5FB-4DE0354BE7E7}.Release|Any CPU.ActiveCfg = Release|Any CPU
		{391F8336-2141-4F0E-A5FB-4DE0354BE7E7}.Release|Any CPU.Build.0 = Release|Any CPU
	EndGlobalSection
	GlobalSection(SolutionProperties) = preSolution
		HideSolutionNode = FALSE
	EndGlobalSection
	GlobalSection(ExtensibilityGlobals) = postSolution
		SolutionGuid = {B93D16DE-2DBA-4459-8FCB-A1C184EC99D1}
	EndGlobalSection
EndGlobal
